
Microsoft Visual Studio Solution File, Format Version 12.00
# Visual Studio Version 17
VisualStudioVersion = 17.11.35327.3
MinimumVisualStudioVersion = 10.0.40219.1
Project("{FAE04EC0-301F-11D3-BF4B-00C04F79EFBC}") = "Første Mercantec Opgave", "Første Mercantec Opgave.csproj", "{A5F69305-EF10-4D62-A18B-A3BCAA60A620}"
EndProject
Global
	GlobalSection(SolutionConfigurationPlatforms) = preSolution
		Debug|Any CPU = Debug|Any CPU
		Release|Any CPU = Release|Any CPU
	EndGlobalSection
	GlobalSection(ProjectConfigurationPlatforms) = postSolution
		{A5F69305-EF10-4D62-A18B-A3BCAA60A620}.Debug|Any CPU.ActiveCfg = Debug|Any CPU
		{A5F69305-EF10-4D62-A18B-A3BCAA60A620}.Debug|Any CPU.Build.0 = Debug|Any CPU
		{A5F69305-EF10-4D62-A18B-A3BCAA60A620}.Release|Any CPU.ActiveCfg = Release|Any CPU
		{A5F69305-EF10-4D62-A18B-A3BCAA60A620}.Release|Any CPU.Build.0 = Release|Any CPU
	EndGlobalSection
	GlobalSection(SolutionProperties) = preSolution
		HideSolutionNode = FALSE
	EndGlobalSection
	GlobalSection(ExtensibilityGlobals) = postSolution
		SolutionGuid = {117CB616-2AE4-48B5-8E6E-54CCB0889D88}
	EndGlobalSection
EndGlobal
